
Microsoft Visual Studio Solution File, Format Version 12.00
# Visual Studio 2013
VisualStudioVersion = 12.0.40629.0
MinimumVisualStudioVersion = 10.0.40219.1
Project("{FAE04EC0-301F-11D3-BF4B-00C04F79EFBC}") = "Web-UnitOfWork-EF", "Web-DesignPatternRepository-UnitOfWork-EF\Web-UnitOfWork-EF.csproj", "{3090F3F8-53B5-4AA9-8367-8F1DAC02631F}"
EndProject
Project("{FAE04EC0-301F-11D3-BF4B-00C04F79EFBC}") = "Web-UnitOfWork-EF.Repository", "Web-UnitOfWork-EF.Repository\Web-UnitOfWork-EF.Repository.csproj", "{837D3662-D6C1-4CF6-BD94-38FECBE46C8C}"
EndProject
Project("{FAE04EC0-301F-11D3-BF4B-00C04F79EFBC}") = "Web-UnitOfWork-EF.Model", "Web-UnitOfWork-EF.Model\Web-UnitOfWork-EF.Model.csproj", "{EB52A0E9-040E-444F-AC79-9330000FB2C5}"
EndProject
Global
	GlobalSection(SolutionConfigurationPlatforms) = preSolution
		Debug|Any CPU = Debug|Any CPU
		Release|Any CPU = Release|Any CPU
	EndGlobalSection
	GlobalSection(ProjectConfigurationPlatforms) = postSolution
		{3090F3F8-53B5-4AA9-8367-8F1DAC02631F}.Debug|Any CPU.ActiveCfg = Debug|Any CPU
		{3090F3F8-53B5-4AA9-8367-8F1DAC02631F}.Debug|Any CPU.Build.0 = Debug|Any CPU
		{3090F3F8-53B5-4AA9-8367-8F1DAC02631F}.Release|Any CPU.ActiveCfg = Release|Any CPU
		{3090F3F8-53B5-4AA9-8367-8F1DAC02631F}.Release|Any CPU.Build.0 = Release|Any CPU
		{837D3662-D6C1-4CF6-BD94-38FECBE46C8C}.Debug|Any CPU.ActiveCfg = Debug|Any CPU
		{837D3662-D6C1-4CF6-BD94-38FECBE46C8C}.Debug|Any CPU.Build.0 = Debug|Any CPU
		{837D3662-D6C1-4CF6-BD94-38FECBE46C8C}.Release|Any CPU.ActiveCfg = Release|Any CPU
		{837D3662-D6C1-4CF6-BD94-38FECBE46C8C}.Release|Any CPU.Build.0 = Release|Any CPU
		{EB52A0E9-040E-444F-AC79-9330000FB2C5}.Debug|Any CPU.ActiveCfg = Debug|Any CPU
		{EB52A0E9-040E-444F-AC79-9330000FB2C5}.Debug|Any CPU.Build.0 = Debug|Any CPU
		{EB52A0E9-040E-444F-AC79-9330000FB2C5}.Release|Any CPU.ActiveCfg = Release|Any CPU
		{EB52A0E9-040E-444F-AC79-9330000FB2C5}.Release|Any CPU.Build.0 = Release|Any CPU
	EndGlobalSection
	GlobalSection(SolutionProperties) = preSolution
		HideSolutionNode = FALSE
	EndGlobalSection
EndGlobal
